
Microsoft Visual Studio Solution File, Format Version 12.00
# Visual Studio Version 16
VisualStudioVersion = 16.0.30907.101
MinimumVisualStudioVersion = 10.0.40219.1
Project("{FAE04EC0-301F-11D3-BF4B-00C04F79EFBC}") = "RRCAGLibrary", "RRCAGLibrary\RRCAGLibrary.csproj", "{DAADDE4D-F16C-48F8-8D98-04AB5FBF629A}"
EndProject
Global
	GlobalSection(SolutionConfigurationPlatforms) = preSolution
		Debug|Any CPU = Debug|Any CPU
		Release|Any CPU = Release|Any CPU
	EndGlobalSection
	GlobalSection(ProjectConfigurationPlatforms) = postSolution
		{DAADDE4D-F16C-48F8-8D98-04AB5FBF629A}.Debug|Any CPU.ActiveCfg = Debug|Any CPU
		{DAADDE4D-F16C-48F8-8D98-04AB5FBF629A}.Debug|Any CPU.Build.0 = Debug|Any CPU
		{DAADDE4D-F16C-48F8-8D98-04AB5FBF629A}.Release|Any CPU.ActiveCfg = Release|Any CPU
		{DAADDE4D-F16C-48F8-8D98-04AB5FBF629A}.Release|Any CPU.Build.0 = Release|Any CPU
	EndGlobalSection
	GlobalSection(SolutionProperties) = preSolution
		HideSolutionNode = FALSE
	EndGlobalSection
	GlobalSection(ExtensibilityGlobals) = postSolution
		SolutionGuid = {30D7EABB-7B3F-4BDE-81E3-80BC8A1929CF}
	EndGlobalSection
EndGlobal
